// !$*UTF8*$!
{
	archiveVersion = 1;
	classes = {
	};
	objectVersion = 56;
	objects = {

/* Begin PBXBuildFile section */
		B42EDB532BB3A428002DD3D1 /* SideMenuView.swift in Sources */ = {isa = PBXBuildFile; fileRef = B42EDB522BB3A428002DD3D1 /* SideMenuView.swift */; };
		B42EDB552BB3A4BE002DD3D1 /* MyAccountView.swift in Sources */ = {isa = PBXBuildFile; fileRef = B42EDB542BB3A4BE002DD3D1 /* MyAccountView.swift */; };
		B42EDB572BB3BA32002DD3D1 /* PastSitesView.swift in Sources */ = {isa = PBXBuildFile; fileRef = B42EDB562BB3BA32002DD3D1 /* PastSitesView.swift */; };
		B42EDB592BB3BE8B002DD3D1 /* PastJobsView.swift in Sources */ = {isa = PBXBuildFile; fileRef = B42EDB582BB3BE8B002DD3D1 /* PastJobsView.swift */; };
		B42EDB5B2BB3C2CF002DD3D1 /* NotificationsView.swift in Sources */ = {isa = PBXBuildFile; fileRef = B42EDB5A2BB3C2CF002DD3D1 /* NotificationsView.swift */; };
		B4D0D3592BA9C1F500EBDE99 /* ConstructionTemplateApp.swift in Sources */ = {isa = PBXBuildFile; fileRef = B4D0D3582BA9C1F500EBDE99 /* ConstructionTemplateApp.swift */; };
		B4D0D35B2BA9C1F500EBDE99 /* WelcomeView.swift in Sources */ = {isa = PBXBuildFile; fileRef = B4D0D35A2BA9C1F500EBDE99 /* WelcomeView.swift */; };
		B4D0D35D2BA9C1FA00EBDE99 /* Assets.xcassets in Resources */ = {isa = PBXBuildFile; fileRef = B4D0D35C2BA9C1FA00EBDE99 /* Assets.xcassets */; };
		B4D0D3602BA9C1FA00EBDE99 /* Preview Assets.xcassets in Resources */ = {isa = PBXBuildFile; fileRef = B4D0D35F2BA9C1FA00EBDE99 /* Preview Assets.xcassets */; };
		B4D0D36A2BA9C1FB00EBDE99 /* ConstructionTemplateTests.swift in Sources */ = {isa = PBXBuildFile; fileRef = B4D0D3692BA9C1FB00EBDE99 /* ConstructionTemplateTests.swift */; };
		B4D0D3742BA9C1FB00EBDE99 /* ConstructionTemplateUITests.swift in Sources */ = {isa = PBXBuildFile; fileRef = B4D0D3732BA9C1FB00EBDE99 /* ConstructionTemplateUITests.swift */; };
		B4D0D3762BA9C1FB00EBDE99 /* ConstructionTemplateUITestsLaunchTests.swift in Sources */ = {isa = PBXBuildFile; fileRef = B4D0D3752BA9C1FB00EBDE99 /* ConstructionTemplateUITestsLaunchTests.swift */; };
		B4D0D3832BAA839A00EBDE99 /* RegisterView.swift in Sources */ = {isa = PBXBuildFile; fileRef = B4D0D3822BAA839A00EBDE99 /* RegisterView.swift */; };
		B4D0D3852BAE267700EBDE99 /* LoginView.swift in Sources */ = {isa = PBXBuildFile; fileRef = B4D0D3842BAE267700EBDE99 /* LoginView.swift */; };
		B4D0D3872BB1DEC600EBDE99 /* SiteView.swift in Sources */ = {isa = PBXBuildFile; fileRef = B4D0D3862BB1DEC600EBDE99 /* SiteView.swift */; };
		B4D0D3892BB20B5D00EBDE99 /* SiteDetailView.swift in Sources */ = {isa = PBXBuildFile; fileRef = B4D0D3882BB20B5D00EBDE99 /* SiteDetailView.swift */; };
		B4D0D38B2BB21F6B00EBDE99 /* JobDetailView.swift in Sources */ = {isa = PBXBuildFile; fileRef = B4D0D38A2BB21F6B00EBDE99 /* JobDetailView.swift */; };
		B4D0D38D2BB378F000EBDE99 /* AddJobView.swift in Sources */ = {isa = PBXBuildFile; fileRef = B4D0D38C2BB378F000EBDE99 /* AddJobView.swift */; };
/* End PBXBuildFile section */

/* Begin PBXContainerItemProxy section */
		B4D0D3662BA9C1FB00EBDE99 /* PBXContainerItemProxy */ = {
			isa = PBXContainerItemProxy;
			containerPortal = B4D0D34D2BA9C1F500EBDE99 /* Project object */;
			proxyType = 1;
			remoteGlobalIDString = B4D0D3542BA9C1F500EBDE99;
			remoteInfo = ConstructionTemplate;
		};
		B4D0D3702BA9C1FB00EBDE99 /* PBXContainerItemProxy */ = {
			isa = PBXContainerItemProxy;
			containerPortal = B4D0D34D2BA9C1F500EBDE99 /* Project object */;
			proxyType = 1;
			remoteGlobalIDString = B4D0D3542BA9C1F500EBDE99;
			remoteInfo = ConstructionTemplate;
		};
/* End PBXContainerItemProxy section */

/* Begin PBXFileReference section */
		B42EDB522BB3A428002DD3D1 /* SideMenuView.swift */ = {isa = PBXFileReference; lastKnownFileType = sourcecode.swift; path = SideMenuView.swift; sourceTree = "<group>"; };
		B42EDB542BB3A4BE002DD3D1 /* MyAccountView.swift */ = {isa = PBXFileReference; lastKnownFileType = sourcecode.swift; path = MyAccountView.swift; sourceTree = "<group>"; };
		B42EDB562BB3BA32002DD3D1 /* PastSitesView.swift */ = {isa = PBXFileReference; lastKnownFileType = sourcecode.swift; path = PastSitesView.swift; sourceTree = "<group>"; };
		B42EDB582BB3BE8B002DD3D1 /* PastJobsView.swift */ = {isa = PBXFileReference; lastKnownFileType = sourcecode.swift; path = PastJobsView.swift; sourceTree = "<group>"; };
		B42EDB5A2BB3C2CF002DD3D1 /* NotificationsView.swift */ = {isa = PBXFileReference; lastKnownFileType = sourcecode.swift; path = NotificationsView.swift; sourceTree = "<group>"; };
		B4D0D3552BA9C1F500EBDE99 /* ConstructionTemplate.app */ = {isa = PBXFileReference; explicitFileType = wrapper.application; includeInIndex = 0; path = ConstructionTemplate.app; sourceTree = BUILT_PRODUCTS_DIR; };
		B4D0D3582BA9C1F500EBDE99 /* ConstructionTemplateApp.swift */ = {isa = PBXFileReference; lastKnownFileType = sourcecode.swift; path = ConstructionTemplateApp.swift; sourceTree = "<group>"; };
		B4D0D35A2BA9C1F500EBDE99 /* WelcomeView.swift */ = {isa = PBXFileReference; lastKnownFileType = sourcecode.swift; path = WelcomeView.swift; sourceTree = "<group>"; };
		B4D0D35C2BA9C1FA00EBDE99 /* Assets.xcassets */ = {isa = PBXFileReference; lastKnownFileType = folder.assetcatalog; path = Assets.xcassets; sourceTree = "<group>"; };
		B4D0D35F2BA9C1FA00EBDE99 /* Preview Assets.xcassets */ = {isa = PBXFileReference; lastKnownFileType = folder.assetcatalog; path = "Preview Assets.xcassets"; sourceTree = "<group>"; };
		B4D0D3652BA9C1FB00EBDE99 /* ConstructionTemplateTests.xctest */ = {isa = PBXFileReference; explicitFileType = wrapper.cfbundle; includeInIndex = 0; path = ConstructionTemplateTests.xctest; sourceTree = BUILT_PRODUCTS_DIR; };
		B4D0D3692BA9C1FB00EBDE99 /* ConstructionTemplateTests.swift */ = {isa = PBXFileReference; lastKnownFileType = sourcecode.swift; path = ConstructionTemplateTests.swift; sourceTree = "<group>"; };
		B4D0D36F2BA9C1FB00EBDE99 /* ConstructionTemplateUITests.xctest */ = {isa = PBXFileReference; explicitFileType = wrapper.cfbundle; includeInIndex = 0; path = ConstructionTemplateUITests.xctest; sourceTree = BUILT_PRODUCTS_DIR; };
		B4D0D3732BA9C1FB00EBDE99 /* ConstructionTemplateUITests.swift */ = {isa = PBXFileReference; lastKnownFileType = sourcecode.swift; path = ConstructionTemplateUITests.swift; sourceTree = "<group>"; };
		B4D0D3752BA9C1FB00EBDE99 /* ConstructionTemplateUITestsLaunchTests.swift */ = {isa = PBXFileReference; lastKnownFileType = sourcecode.swift; path = ConstructionTemplateUITestsLaunchTests.swift; sourceTree = "<group>"; };
		B4D0D3822BAA839A00EBDE99 /* RegisterView.swift */ = {isa = PBXFileReference; lastKnownFileType = sourcecode.swift; path = RegisterView.swift; sourceTree = "<group>"; };
		B4D0D3842BAE267700EBDE99 /* LoginView.swift */ = {isa = PBXFileReference; lastKnownFileType = sourcecode.swift; path = LoginView.swift; sourceTree = "<group>"; };
		B4D0D3862BB1DEC600EBDE99 /* SiteView.swift */ = {isa = PBXFileReference; lastKnownFileType = sourcecode.swift; path = SiteView.swift; sourceTree = "<group>"; };
		B4D0D3882BB20B5D00EBDE99 /* SiteDetailView.swift */ = {isa = PBXFileReference; lastKnownFileType = sourcecode.swift; path = SiteDetailView.swift; sourceTree = "<group>"; };
		B4D0D38A2BB21F6B00EBDE99 /* JobDetailView.swift */ = {isa = PBXFileReference; lastKnownFileType = sourcecode.swift; path = JobDetailView.swift; sourceTree = "<group>"; };
		B4D0D38C2BB378F000EBDE99 /* AddJobView.swift */ = {isa = PBXFileReference; lastKnownFileType = sourcecode.swift; path = AddJobView.swift; sourceTree = "<group>"; };
/* End PBXFileReference section */

/* Begin PBXFrameworksBuildPhase section */
		B4D0D3522BA9C1F500EBDE99 /* Frameworks */ = {
			isa = PBXFrameworksBuildPhase;
			buildActionMask = 2147483647;
			files = (
			);
			runOnlyForDeploymentPostprocessing = 0;
		};
		B4D0D3622BA9C1FB00EBDE99 /* Frameworks */ = {
			isa = PBXFrameworksBuildPhase;
			buildActionMask = 2147483647;
			files = (
			);
			runOnlyForDeploymentPostprocessing = 0;
		};
		B4D0D36C2BA9C1FB00EBDE99 /* Frameworks */ = {
			isa = PBXFrameworksBuildPhase;
			buildActionMask = 2147483647;
			files = (
			);
			runOnlyForDeploymentPostprocessing = 0;
		};
/* End PBXFrameworksBuildPhase section */

/* Begin PBXGroup section */
		B4D0D34C2BA9C1F500EBDE99 = {
			isa = PBXGroup;
			children = (
				B4D0D3572BA9C1F500EBDE99 /* ConstructionTemplate */,
				B4D0D3682BA9C1FB00EBDE99 /* ConstructionTemplateTests */,
				B4D0D3722BA9C1FB00EBDE99 /* ConstructionTemplateUITests */,
				B4D0D3562BA9C1F500EBDE99 /* Products */,
			);
			sourceTree = "<group>";
		};
		B4D0D3562BA9C1F500EBDE99 /* Products */ = {
			isa = PBXGroup;
			children = (
				B4D0D3552BA9C1F500EBDE99 /* ConstructionTemplate.app */,
				B4D0D3652BA9C1FB00EBDE99 /* ConstructionTemplateTests.xctest */,
				B4D0D36F2BA9C1FB00EBDE99 /* ConstructionTemplateUITests.xctest */,
			);
			name = Products;
			sourceTree = "<group>";
		};
		B4D0D3572BA9C1F500EBDE99 /* ConstructionTemplate */ = {
			isa = PBXGroup;
			children = (
				B4D0D3582BA9C1F500EBDE99 /* ConstructionTemplateApp.swift */,
				B42EDB542BB3A4BE002DD3D1 /* MyAccountView.swift */,
				B42EDB562BB3BA32002DD3D1 /* PastSitesView.swift */,
				B42EDB582BB3BE8B002DD3D1 /* PastJobsView.swift */,
				B42EDB5A2BB3C2CF002DD3D1 /* NotificationsView.swift */,
				B4D0D35A2BA9C1F500EBDE99 /* WelcomeView.swift */,
				B42EDB522BB3A428002DD3D1 /* SideMenuView.swift */,
				B4D0D3822BAA839A00EBDE99 /* RegisterView.swift */,
				B4D0D3862BB1DEC600EBDE99 /* SiteView.swift */,
				B4D0D3882BB20B5D00EBDE99 /* SiteDetailView.swift */,
				B4D0D38A2BB21F6B00EBDE99 /* JobDetailView.swift */,
				B4D0D38C2BB378F000EBDE99 /* AddJobView.swift */,
				B4D0D3842BAE267700EBDE99 /* LoginView.swift */,
				B4D0D35C2BA9C1FA00EBDE99 /* Assets.xcassets */,
				B4D0D35E2BA9C1FA00EBDE99 /* Preview Content */,
			);
			path = ConstructionTemplate;
			sourceTree = "<group>";
		};
		B4D0D35E2BA9C1FA00EBDE99 /* Preview Content */ = {
			isa = PBXGroup;
			children = (
				B4D0D35F2BA9C1FA00EBDE99 /* Preview Assets.xcassets */,
			);
			path = "Preview Content";
			sourceTree = "<group>";
		};
		B4D0D3682BA9C1FB00EBDE99 /* ConstructionTemplateTests */ = {
			isa = PBXGroup;
			children = (
				B4D0D3692BA9C1FB00EBDE99 /* ConstructionTemplateTests.swift */,
			);
			path = ConstructionTemplateTests;
			sourceTree = "<group>";
		};
		B4D0D3722BA9C1FB00EBDE99 /* ConstructionTemplateUITests */ = {
			isa = PBXGroup;
			children = (
				B4D0D3732BA9C1FB00EBDE99 /* ConstructionTemplateUITests.swift */,
				B4D0D3752BA9C1FB00EBDE99 /* ConstructionTemplateUITestsLaunchTests.swift */,
			);
			path = ConstructionTemplateUITests;
			sourceTree = "<group>";
		};
/* End PBXGroup section */

/* Begin PBXNativeTarget section */
		B4D0D3542BA9C1F500EBDE99 /* ConstructionTemplate */ = {
			isa = PBXNativeTarget;
			buildConfigurationList = B4D0D3792BA9C1FB00EBDE99 /* Build configuration list for PBXNativeTarget "ConstructionTemplate" */;
			buildPhases = (
				B4D0D3512BA9C1F500EBDE99 /* Sources */,
				B4D0D3522BA9C1F500EBDE99 /* Frameworks */,
				B4D0D3532BA9C1F500EBDE99 /* Resources */,
			);
			buildRules = (
			);
			dependencies = (
			);
			name = ConstructionTemplate;
			productName = ConstructionTemplate;
			productReference = B4D0D3552BA9C1F500EBDE99 /* ConstructionTemplate.app */;
			productType = "com.apple.product-type.application";
		};
		B4D0D3642BA9C1FB00EBDE99 /* ConstructionTemplateTests */ = {
			isa = PBXNativeTarget;
			buildConfigurationList = B4D0D37C2BA9C1FB00EBDE99 /* Build configuration list for PBXNativeTarget "ConstructionTemplateTests" */;
			buildPhases = (
				B4D0D3612BA9C1FB00EBDE99 /* Sources */,
				B4D0D3622BA9C1FB00EBDE99 /* Frameworks */,
				B4D0D3632BA9C1FB00EBDE99 /* Resources */,
			);
			buildRules = (
			);
			dependencies = (
				B4D0D3672BA9C1FB00EBDE99 /* PBXTargetDependency */,
			);
			name = ConstructionTemplateTests;
			productName = ConstructionTemplateTests;
			productReference = B4D0D3652BA9C1FB00EBDE99 /* ConstructionTemplateTests.xctest */;
			productType = "com.apple.product-type.bundle.unit-test";
		};
		B4D0D36E2BA9C1FB00EBDE99 /* ConstructionTemplateUITests */ = {
			isa = PBXNativeTarget;
			buildConfigurationList = B4D0D37F2BA9C1FB00EBDE99 /* Build configuration list for PBXNativeTarget "ConstructionTemplateUITests" */;
			buildPhases = (
				B4D0D36B2BA9C1FB00EBDE99 /* Sources */,
				B4D0D36C2BA9C1FB00EBDE99 /* Frameworks */,
				B4D0D36D2BA9C1FB00EBDE99 /* Resources */,
			);
			buildRules = (
			);
			dependencies = (
				B4D0D3712BA9C1FB00EBDE99 /* PBXTargetDependency */,
			);
			name = ConstructionTemplateUITests;
			productName = ConstructionTemplateUITests;
			productReference = B4D0D36F2BA9C1FB00EBDE99 /* ConstructionTemplateUITests.xctest */;
			productType = "com.apple.product-type.bundle.ui-testing";
		};
/* End PBXNativeTarget section */

/* Begin PBXProject section */
		B4D0D34D2BA9C1F500EBDE99 /* Project object */ = {
			isa = PBXProject;
			attributes = {
				BuildIndependentTargetsInParallel = 1;
				LastSwiftUpdateCheck = 1520;
				LastUpgradeCheck = 1520;
				TargetAttributes = {
					B4D0D3542BA9C1F500EBDE99 = {
						CreatedOnToolsVersion = 15.2;
					};
					B4D0D3642BA9C1FB00EBDE99 = {
						CreatedOnToolsVersion = 15.2;
						TestTargetID = B4D0D3542BA9C1F500EBDE99;
					};
					B4D0D36E2BA9C1FB00EBDE99 = {
						CreatedOnToolsVersion = 15.2;
						TestTargetID = B4D0D3542BA9C1F500EBDE99;
					};
				};
			};
			buildConfigurationList = B4D0D3502BA9C1F500EBDE99 /* Build configuration list for PBXProject "ConstructionTemplate" */;
			compatibilityVersion = "Xcode 14.0";
			developmentRegion = en;
			hasScannedForEncodings = 0;
			knownRegions = (
				en,
				Base,
			);
			mainGroup = B4D0D34C2BA9C1F500EBDE99;
			productRefGroup = B4D0D3562BA9C1F500EBDE99 /* Products */;
			projectDirPath = "";
			projectRoot = "";
			targets = (
				B4D0D3542BA9C1F500EBDE99 /* ConstructionTemplate */,
				B4D0D3642BA9C1FB00EBDE99 /* ConstructionTemplateTests */,
				B4D0D36E2BA9C1FB00EBDE99 /* ConstructionTemplateUITests */,
			);
		};
/* End PBXProject section */

/* Begin PBXResourcesBuildPhase section */
		B4D0D3532BA9C1F500EBDE99 /* Resources */ = {
			isa = PBXResourcesBuildPhase;
			buildActionMask = 2147483647;
			files = (
				B4D0D3602BA9C1FA00EBDE99 /* Preview Assets.xcassets in Resources */,
				B4D0D35D2BA9C1FA00EBDE99 /* Assets.xcassets in Resources */,
			);
			runOnlyForDeploymentPostprocessing = 0;
		};
		B4D0D3632BA9C1FB00EBDE99 /* Resources */ = {
			isa = PBXResourcesBuildPhase;
			buildActionMask = 2147483647;
			files = (
			);
			runOnlyForDeploymentPostprocessing = 0;
		};
		B4D0D36D2BA9C1FB00EBDE99 /* Resources */ = {
			isa = PBXResourcesBuildPhase;
			buildActionMask = 2147483647;
			files = (
			);
			runOnlyForDeploymentPostprocessing = 0;
		};
/* End PBXResourcesBuildPhase section */

/* Begin PBXSourcesBuildPhase section */
		B4D0D3512BA9C1F500EBDE99 /* Sources */ = {
			isa = PBXSourcesBuildPhase;
			buildActionMask = 2147483647;
			files = (
				B4D0D3832BAA839A00EBDE99 /* RegisterView.swift in Sources */,
				B42EDB572BB3BA32002DD3D1 /* PastSitesView.swift in Sources */,
				B4D0D38B2BB21F6B00EBDE99 /* JobDetailView.swift in Sources */,
				B42EDB552BB3A4BE002DD3D1 /* MyAccountView.swift in Sources */,
				B4D0D38D2BB378F000EBDE99 /* AddJobView.swift in Sources */,
				B4D0D35B2BA9C1F500EBDE99 /* WelcomeView.swift in Sources */,
				B4D0D3892BB20B5D00EBDE99 /* SiteDetailView.swift in Sources */,
				B4D0D3872BB1DEC600EBDE99 /* SiteView.swift in Sources */,
				B42EDB532BB3A428002DD3D1 /* SideMenuView.swift in Sources */,
				B4D0D3852BAE267700EBDE99 /* LoginView.swift in Sources */,
				B42EDB5B2BB3C2CF002DD3D1 /* NotificationsView.swift in Sources */,
				B42EDB592BB3BE8B002DD3D1 /* PastJobsView.swift in Sources */,
				B4D0D3592BA9C1F500EBDE99 /* ConstructionTemplateApp.swift in Sources */,
			);
			runOnlyForDeploymentPostprocessing = 0;
		};
		B4D0D3612BA9C1FB00EBDE99 /* Sources */ = {
			isa = PBXSourcesBuildPhase;
			buildActionMask = 2147483647;
			files = (
				B4D0D36A2BA9C1FB00EBDE99 /* ConstructionTemplateTests.swift in Sources */,
			);
			runOnlyForDeploymentPostprocessing = 0;
		};
		B4D0D36B2BA9C1FB00EBDE99 /* Sources */ = {
			isa = PBXSourcesBuildPhase;
			buildActionMask = 2147483647;
			files = (
				B4D0D3742BA9C1FB00EBDE99 /* ConstructionTemplateUITests.swift in Sources */,
				B4D0D3762BA9C1FB00EBDE99 /* ConstructionTemplateUITestsLaunchTests.swift in Sources */,
			);
			runOnlyForDeploymentPostprocessing = 0;
		};
/* End PBXSourcesBuildPhase section */

/* Begin PBXTargetDependency section */
		B4D0D3672BA9C1FB00EBDE99 /* PBXTargetDependency */ = {
			isa = PBXTargetDependency;
			target = B4D0D3542BA9C1F500EBDE99 /* ConstructionTemplate */;
			targetProxy = B4D0D3662BA9C1FB00EBDE99 /* PBXContainerItemProxy */;
		};
		B4D0D3712BA9C1FB00EBDE99 /* PBXTargetDependency */ = {
			isa = PBXTargetDependency;
			target = B4D0D3542BA9C1F500EBDE99 /* ConstructionTemplate */;
			targetProxy = B4D0D3702BA9C1FB00EBDE99 /* PBXContainerItemProxy */;
		};
/* End PBXTargetDependency section */

/* Begin XCBuildConfiguration section */
		B4D0D3772BA9C1FB00EBDE99 /* Debug */ = {
			isa = XCBuildConfiguration;
			buildSettings = {
				ALWAYS_SEARCH_USER_PATHS = NO;
				ASSETCATALOG_COMPILER_GENERATE_SWIFT_ASSET_SYMBOL_EXTENSIONS = YES;
				CLANG_ANALYZER_NONNULL = YES;
				CLANG_ANALYZER_NUMBER_OBJECT_CONVERSION = YES_AGGRESSIVE;
				CLANG_CXX_LANGUAGE_STANDARD = "gnu++20";
				CLANG_ENABLE_MODULES = YES;
				CLANG_ENABLE_OBJC_ARC = YES;
				CLANG_ENABLE_OBJC_WEAK = YES;
				CLANG_WARN_BLOCK_CAPTURE_AUTORELEASING = YES;
				CLANG_WARN_BOOL_CONVERSION = YES;
				CLANG_WARN_COMMA = YES;
				CLANG_WARN_CONSTANT_CONVERSION = YES;
				CLANG_WARN_DEPRECATED_OBJC_IMPLEMENTATIONS = YES;
				CLANG_WARN_DIRECT_OBJC_ISA_USAGE = YES_ERROR;
				CLANG_WARN_DOCUMENTATION_COMMENTS = YES;
				CLANG_WARN_EMPTY_BODY = YES;
				CLANG_WARN_ENUM_CONVERSION = YES;
				CLANG_WARN_INFINITE_RECURSION = YES;
				CLANG_WARN_INT_CONVERSION = YES;
				CLANG_WARN_NON_LITERAL_NULL_CONVERSION = YES;
				CLANG_WARN_OBJC_IMPLICIT_RETAIN_SELF = YES;
				CLANG_WARN_OBJC_LITERAL_CONVERSION = YES;
				CLANG_WARN_OBJC_ROOT_CLASS = YES_ERROR;
				CLANG_WARN_QUOTED_INCLUDE_IN_FRAMEWORK_HEADER = YES;
				CLANG_WARN_RANGE_LOOP_ANALYSIS = YES;
				CLANG_WARN_STRICT_PROTOTYPES = YES;
				CLANG_WARN_SUSPICIOUS_MOVE = YES;
				CLANG_WARN_UNGUARDED_AVAILABILITY = YES_AGGRESSIVE;
				CLANG_WARN_UNREACHABLE_CODE = YES;
				CLANG_WARN__DUPLICATE_METHOD_MATCH = YES;
				COPY_PHASE_STRIP = NO;
				DEBUG_INFORMATION_FORMAT = dwarf;
				ENABLE_STRICT_OBJC_MSGSEND = YES;
				ENABLE_TESTABILITY = YES;
				ENABLE_USER_SCRIPT_SANDBOXING = YES;
				GCC_C_LANGUAGE_STANDARD = gnu17;
				GCC_DYNAMIC_NO_PIC = NO;
				GCC_NO_COMMON_BLOCKS = YES;
				GCC_OPTIMIZATION_LEVEL = 0;
				GCC_PREPROCESSOR_DEFINITIONS = (
					"DEBUG=1",
					"$(inherited)",
				);
				GCC_WARN_64_TO_32_BIT_CONVERSION = YES;
				GCC_WARN_ABOUT_RETURN_TYPE = YES_ERROR;
				GCC_WARN_UNDECLARED_SELECTOR = YES;
				GCC_WARN_UNINITIALIZED_AUTOS = YES_AGGRESSIVE;
				GCC_WARN_UNUSED_FUNCTION = YES;
				GCC_WARN_UNUSED_VARIABLE = YES;
				IPHONEOS_DEPLOYMENT_TARGET = 17.2;
				LOCALIZATION_PREFERS_STRING_CATALOGS = YES;
				MTL_ENABLE_DEBUG_INFO = INCLUDE_SOURCE;
				MTL_FAST_MATH = YES;
				ONLY_ACTIVE_ARCH = YES;
				SDKROOT = iphoneos;
				SWIFT_ACTIVE_COMPILATION_CONDITIONS = "DEBUG $(inherited)";
				SWIFT_OPTIMIZATION_LEVEL = "-Onone";
			};
			name = Debug;
		};
		B4D0D3782BA9C1FB00EBDE99 /* Release */ = {
			isa = XCBuildConfiguration;
			buildSettings = {
				ALWAYS_SEARCH_USER_PATHS = NO;
				ASSETCATALOG_COMPILER_GENERATE_SWIFT_ASSET_SYMBOL_EXTENSIONS = YES;
				CLANG_ANALYZER_NONNULL = YES;
				CLANG_ANALYZER_NUMBER_OBJECT_CONVERSION = YES_AGGRESSIVE;
				CLANG_CXX_LANGUAGE_STANDARD = "gnu++20";
				CLANG_ENABLE_MODULES = YES;
				CLANG_ENABLE_OBJC_ARC = YES;
				CLANG_ENABLE_OBJC_WEAK = YES;
				CLANG_WARN_BLOCK_CAPTURE_AUTORELEASING = YES;
				CLANG_WARN_BOOL_CONVERSION = YES;
				CLANG_WARN_COMMA = YES;
				CLANG_WARN_CONSTANT_CONVERSION = YES;
				CLANG_WARN_DEPRECATED_OBJC_IMPLEMENTATIONS = YES;
				CLANG_WARN_DIRECT_OBJC_ISA_USAGE = YES_ERROR;
				CLANG_WARN_DOCUMENTATION_COMMENTS = YES;
				CLANG_WARN_EMPTY_BODY = YES;
				CLANG_WARN_ENUM_CONVERSION = YES;
				CLANG_WARN_INFINITE_RECURSION = YES;
				CLANG_WARN_INT_CONVERSION = YES;
				CLANG_WARN_NON_LITERAL_NULL_CONVERSION = YES;
				CLANG_WARN_OBJC_IMPLICIT_RETAIN_SELF = YES;
				CLANG_WARN_OBJC_LITERAL_CONVERSION = YES;
				CLANG_WARN_OBJC_ROOT_CLASS = YES_ERROR;
				CLANG_WARN_QUOTED_INCLUDE_IN_FRAMEWORK_HEADER = YES;
				CLANG_WARN_RANGE_LOOP_ANALYSIS = YES;
				CLANG_WARN_STRICT_PROTOTYPES = YES;
				CLANG_WARN_SUSPICIOUS_MOVE = YES;
				CLANG_WARN_UNGUARDED_AVAILABILITY = YES_AGGRESSIVE;
				CLANG_WARN_UNREACHABLE_CODE = YES;
				CLANG_WARN__DUPLICATE_METHOD_MATCH = YES;
				COPY_PHASE_STRIP = NO;
				DEBUG_INFORMATION_FORMAT = "dwarf-with-dsym";
				ENABLE_NS_ASSERTIONS = NO;
				ENABLE_STRICT_OBJC_MSGSEND = YES;
				ENABLE_USER_SCRIPT_SANDBOXING = YES;
				GCC_C_LANGUAGE_STANDARD = gnu17;
				GCC_NO_COMMON_BLOCKS = YES;
				GCC_WARN_64_TO_32_BIT_CONVERSION = YES;
				GCC_WARN_ABOUT_RETURN_TYPE = YES_ERROR;
				GCC_WARN_UNDECLARED_SELECTOR = YES;
				GCC_WARN_UNINITIALIZED_AUTOS = YES_AGGRESSIVE;
				GCC_WARN_UNUSED_FUNCTION = YES;
				GCC_WARN_UNUSED_VARIABLE = YES;
				IPHONEOS_DEPLOYMENT_TARGET = 17.2;
				LOCALIZATION_PREFERS_STRING_CATALOGS = YES;
				MTL_ENABLE_DEBUG_INFO = NO;
				MTL_FAST_MATH = YES;
				SDKROOT = iphoneos;
				SWIFT_COMPILATION_MODE = wholemodule;
				VALIDATE_PRODUCT = YES;
			};
			name = Release;
		};
		B4D0D37A2BA9C1FB00EBDE99 /* Debug */ = {
			isa = XCBuildConfiguration;
			buildSettings = {
				ASSETCATALOG_COMPILER_APPICON_NAME = AppIcon;
				ASSETCATALOG_COMPILER_GLOBAL_ACCENT_COLOR_NAME = AccentColor;
				CODE_SIGN_STYLE = Automatic;
				CURRENT_PROJECT_VERSION = 1;
				DEVELOPMENT_ASSET_PATHS = "\"ConstructionTemplate/Preview Content\"";
				DEVELOPMENT_TEAM = K4XCB84M6V;
				ENABLE_PREVIEWS = YES;
				GENERATE_INFOPLIST_FILE = YES;
				INFOPLIST_KEY_UIApplicationSceneManifest_Generation = YES;
				INFOPLIST_KEY_UIApplicationSupportsIndirectInputEvents = YES;
				INFOPLIST_KEY_UILaunchScreen_Generation = YES;
				INFOPLIST_KEY_UISupportedInterfaceOrientations_iPad = "UIInterfaceOrientationPortrait UIInterfaceOrientationPortraitUpsideDown UIInterfaceOrientationLandscapeLeft UIInterfaceOrientationLandscapeRight";
				INFOPLIST_KEY_UISupportedInterfaceOrientations_iPhone = "UIInterfaceOrientationPortrait UIInterfaceOrientationLandscapeLeft UIInterfaceOrientationLandscapeRight";
				LD_RUNPATH_SEARCH_PATHS = (
					"$(inherited)",
					"@executable_path/Frameworks",
				);
				MARKETING_VERSION = 1.0;
				PRODUCT_BUNDLE_IDENTIFIER = com.streats.ConstructionTemplate;
				PRODUCT_NAME = "$(TARGET_NAME)";
				SWIFT_EMIT_LOC_STRINGS = YES;
				SWIFT_VERSION = 5.0;
				TARGETED_DEVICE_FAMILY = "1,2";
			};
			name = Debug;
		};
		B4D0D37B2BA9C1FB00EBDE99 /* Release */ = {
			isa = XCBuildConfiguration;
			buildSettings = {
				ASSETCATALOG_COMPILER_APPICON_NAME = AppIcon;
				ASSETCATALOG_COMPILER_GLOBAL_ACCENT_COLOR_NAME = AccentColor;
				CODE_SIGN_STYLE = Automatic;
				CURRENT_PROJECT_VERSION = 1;
				DEVELOPMENT_ASSET_PATHS = "\"ConstructionTemplate/Preview Content\"";
				DEVELOPMENT_TEAM = K4XCB84M6V;
				ENABLE_PREVIEWS = YES;
				GENERATE_INFOPLIST_FILE = YES;
				INFOPLIST_KEY_UIApplicationSceneManifest_Generation = YES;
				INFOPLIST_KEY_UIApplicationSupportsIndirectInputEvents = YES;
				INFOPLIST_KEY_UILaunchScreen_Generation = YES;
				INFOPLIST_KEY_UISupportedInterfaceOrientations_iPad = "UIInterfaceOrientationPortrait UIInterfaceOrientationPortraitUpsideDown UIInterfaceOrientationLandscapeLeft UIInterfaceOrientationLandscapeRight";
				INFOPLIST_KEY_UISupportedInterfaceOrientations_iPhone = "UIInterfaceOrientationPortrait UIInterfaceOrientationLandscapeLeft UIInterfaceOrientationLandscapeRight";
				LD_RUNPATH_SEARCH_PATHS = (
					"$(inherited)",
					"@executable_path/Frameworks",
				);
				MARKETING_VERSION = 1.0;
				PRODUCT_BUNDLE_IDENTIFIER = com.streats.ConstructionTemplate;
				PRODUCT_NAME = "$(TARGET_NAME)";
				SWIFT_EMIT_LOC_STRINGS = YES;
				SWIFT_VERSION = 5.0;
				TARGETED_DEVICE_FAMILY = "1,2";
			};
			name = Release;
		};
		B4D0D37D2BA9C1FB00EBDE99 /* Debug */ = {
			isa = XCBuildConfiguration;
			buildSettings = {
				ALWAYS_EMBED_SWIFT_STANDARD_LIBRARIES = YES;
				BUNDLE_LOADER = "$(TEST_HOST)";
				CODE_SIGN_STYLE = Automatic;
				CURRENT_PROJECT_VERSION = 1;
				DEVELOPMENT_TEAM = K4XCB84M6V;
				GENERATE_INFOPLIST_FILE = YES;
				IPHONEOS_DEPLOYMENT_TARGET = 17.2;
				MARKETING_VERSION = 1.0;
				PRODUCT_BUNDLE_IDENTIFIER = com.streats.ConstructionTemplateTests;
				PRODUCT_NAME = "$(TARGET_NAME)";
				SWIFT_EMIT_LOC_STRINGS = NO;
				SWIFT_VERSION = 5.0;
				TARGETED_DEVICE_FAMILY = "1,2";
				TEST_HOST = "$(BUILT_PRODUCTS_DIR)/ConstructionTemplate.app/$(BUNDLE_EXECUTABLE_FOLDER_PATH)/ConstructionTemplate";
			};
			name = Debug;
		};
		B4D0D37E2BA9C1FB00EBDE99 /* Release */ = {
			isa = XCBuildConfiguration;
			buildSettings = {
				ALWAYS_EMBED_SWIFT_STANDARD_LIBRARIES = YES;
				BUNDLE_LOADER = "$(TEST_HOST)";
				CODE_SIGN_STYLE = Automatic;
				CURRENT_PROJECT_VERSION = 1;
				DEVELOPMENT_TEAM = K4XCB84M6V;
				GENERATE_INFOPLIST_FILE = YES;
				IPHONEOS_DEPLOYMENT_TARGET = 17.2;
				MARKETING_VERSION = 1.0;
				PRODUCT_BUNDLE_IDENTIFIER = com.streats.ConstructionTemplateTests;
				PRODUCT_NAME = "$(TARGET_NAME)";
				SWIFT_EMIT_LOC_STRINGS = NO;
				SWIFT_VERSION = 5.0;
				TARGETED_DEVICE_FAMILY = "1,2";
				TEST_HOST = "$(BUILT_PRODUCTS_DIR)/ConstructionTemplate.app/$(BUNDLE_EXECUTABLE_FOLDER_PATH)/ConstructionTemplate";
			};
			name = Release;
		};
		B4D0D3802BA9C1FB00EBDE99 /* Debug */ = {
			isa = XCBuildConfiguration;
			buildSettings = {
				ALWAYS_EMBED_SWIFT_STANDARD_LIBRARIES = YES;
				CODE_SIGN_STYLE = Automatic;
				CURRENT_PROJECT_VERSION = 1;
				DEVELOPMENT_TEAM = K4XCB84M6V;
				GENERATE_INFOPLIST_FILE = YES;
				MARKETING_VERSION = 1.0;
				PRODUCT_BUNDLE_IDENTIFIER = com.streats.ConstructionTemplateUITests;
				PRODUCT_NAME = "$(TARGET_NAME)";
				SWIFT_EMIT_LOC_STRINGS = NO;
				SWIFT_VERSION = 5.0;
				TARGETED_DEVICE_FAMILY = "1,2";
				TEST_TARGET_NAME = ConstructionTemplate;
			};
			name = Debug;
		};
		B4D0D3812BA9C1FB00EBDE99 /* Release */ = {
			isa = XCBuildConfiguration;
			buildSettings = {
				ALWAYS_EMBED_SWIFT_STANDARD_LIBRARIES = YES;
				CODE_SIGN_STYLE = Automatic;
				CURRENT_PROJECT_VERSION = 1;
				DEVELOPMENT_TEAM = K4XCB84M6V;
				GENERATE_INFOPLIST_FILE = YES;
				MARKETING_VERSION = 1.0;
				PRODUCT_BUNDLE_IDENTIFIER = com.streats.ConstructionTemplateUITests;
				PRODUCT_NAME = "$(TARGET_NAME)";
				SWIFT_EMIT_LOC_STRINGS = NO;
				SWIFT_VERSION = 5.0;
				TARGETED_DEVICE_FAMILY = "1,2";
				TEST_TARGET_NAME = ConstructionTemplate;
			};
			name = Release;
		};
/* End XCBuildConfiguration section */

/* Begin XCConfigurationList section */
		B4D0D3502BA9C1F500EBDE99 /* Build configuration list for PBXProject "ConstructionTemplate" */ = {
			isa = XCConfigurationList;
			buildConfigurations = (
				B4D0D3772BA9C1FB00EBDE99 /* Debug */,
				B4D0D3782BA9C1FB00EBDE99 /* Release */,
			);
			defaultConfigurationIsVisible = 0;
			defaultConfigurationName = Release;
		};
		B4D0D3792BA9C1FB00EBDE99 /* Build configuration list for PBXNativeTarget "ConstructionTemplate" */ = {
			isa = XCConfigurationList;
			buildConfigurations = (
				B4D0D37A2BA9C1FB00EBDE99 /* Debug */,
				B4D0D37B2BA9C1FB00EBDE99 /* Release */,
			);
			defaultConfigurationIsVisible = 0;
			defaultConfigurationName = Release;
		};
		B4D0D37C2BA9C1FB00EBDE99 /* Build configuration list for PBXNativeTarget "ConstructionTemplateTests" */ = {
			isa = XCConfigurationList;
			buildConfigurations = (
				B4D0D37D2BA9C1FB00EBDE99 /* Debug */,
				B4D0D37E2BA9C1FB00EBDE99 /* Release */,
			);
			defaultConfigurationIsVisible = 0;
			defaultConfigurationName = Release;
		};
		B4D0D37F2BA9C1FB00EBDE99 /* Build configuration list for PBXNativeTarget "ConstructionTemplateUITests" */ = {
			isa = XCConfigurationList;
			buildConfigurations = (
				B4D0D3802BA9C1FB00EBDE99 /* Debug */,
				B4D0D3812BA9C1FB00EBDE99 /* Release */,
			);
			defaultConfigurationIsVisible = 0;
			defaultConfigurationName = Release;
		};
/* End XCConfigurationList section */
	};
	rootObject = B4D0D34D2BA9C1F500EBDE99 /* Project object */;
}
